// !$*UTF8*$!
{
	archiveVersion = 1;
	classes = {
	};
	objectVersion = 52;
	objects = {

/* Begin PBXBuildFile section */
		181848712781BEF000A5BB70 /* LocationModel.swift in Sources */ = {isa = PBXBuildFile; fileRef = 181848702781BEF000A5BB70 /* LocationModel.swift */; };
		181848762781EC7900A5BB70 /* LocationManager.swift in Sources */ = {isa = PBXBuildFile; fileRef = 181848752781EC7800A5BB70 /* LocationManager.swift */; };
		184EAFF02777291A002E619D /* GoogleSignIn in Frameworks */ = {isa = PBXBuildFile; productRef = 184EAFEF2777291A002E619D /* GoogleSignIn */; };
		18607527276A7E79000786F8 /* SettingsViewController.swift in Sources */ = {isa = PBXBuildFile; fileRef = 18607526276A7E79000786F8 /* SettingsViewController.swift */; };
		1860752C276A7F22000786F8 /* AddCategoriesCollectionViewCell.swift in Sources */ = {isa = PBXBuildFile; fileRef = 1860752B276A7F22000786F8 /* AddCategoriesCollectionViewCell.swift */; };
		18607530276A8238000786F8 /* CategoryCollectionViewCell.swift in Sources */ = {isa = PBXBuildFile; fileRef = 1860752F276A8238000786F8 /* CategoryCollectionViewCell.swift */; };
		18607535276A85A3000786F8 /* AddResturantViewController.swift in Sources */ = {isa = PBXBuildFile; fileRef = 18607534276A85A3000786F8 /* AddResturantViewController.swift */; };
		18718423278AF0B600B33AFD /* AddRestaurantNetwork.swift in Sources */ = {isa = PBXBuildFile; fileRef = 18718422278AF0B600B33AFD /* AddRestaurantNetwork.swift */; };
		187A0F4C276E96F400174C36 /* SignUpViewModel.swift in Sources */ = {isa = PBXBuildFile; fileRef = 187A0F4B276E96F400174C36 /* SignUpViewModel.swift */; };
		187A0F52276EA44000174C36 /* LoginViewModel.swift in Sources */ = {isa = PBXBuildFile; fileRef = 187A0F51276EA44000174C36 /* LoginViewModel.swift */; };
		187A0F6B276EA68900174C36 /* Snackbar.swift in Sources */ = {isa = PBXBuildFile; fileRef = 187A0F6A276EA68900174C36 /* Snackbar.swift */; };
		18C26DFE276E8A5800D07FA9 /* GoogleService-Info.plist in Resources */ = {isa = PBXBuildFile; fileRef = 18C26DFD276E8A5800D07FA9 /* GoogleService-Info.plist */; };
		18C49B07278659CA001D9F2D /* NotificationManager.swift in Sources */ = {isa = PBXBuildFile; fileRef = 18C49B06278659CA001D9F2D /* NotificationManager.swift */; };
		18CC81A0276E20FE00AC133A /* Alert.swift in Sources */ = {isa = PBXBuildFile; fileRef = 18CC819F276E20FE00AC133A /* Alert.swift */; };
		18D80DF6275E8B86005BCE63 /* AppDelegate.swift in Sources */ = {isa = PBXBuildFile; fileRef = 18D80DF5275E8B86005BCE63 /* AppDelegate.swift */; };
		18D80DFD275E8B86005BCE63 /* Main.storyboard in Resources */ = {isa = PBXBuildFile; fileRef = 18D80DFB275E8B86005BCE63 /* Main.storyboard */; };
		18D80DFF275E8B87005BCE63 /* Assets.xcassets in Resources */ = {isa = PBXBuildFile; fileRef = 18D80DFE275E8B87005BCE63 /* Assets.xcassets */; };
		18D80E02275E8B87005BCE63 /* LaunchScreen.storyboard in Resources */ = {isa = PBXBuildFile; fileRef = 18D80E00275E8B87005BCE63 /* LaunchScreen.storyboard */; };
		18D80E11275E8E93005BCE63 /* Authentication.storyboard in Resources */ = {isa = PBXBuildFile; fileRef = 18D80E10275E8E93005BCE63 /* Authentication.storyboard */; };
		18D80E20275EA576005BCE63 /* LoginViewController.swift in Sources */ = {isa = PBXBuildFile; fileRef = 18D80E1F275EA576005BCE63 /* LoginViewController.swift */; };
		18D80E26275EA5BB005BCE63 /* SignUpViewController.swift in Sources */ = {isa = PBXBuildFile; fileRef = 18D80E25275EA5BB005BCE63 /* SignUpViewController.swift */; };
		18D80E35275EAAC3005BCE63 /* ForgotPasswordViewController.swift in Sources */ = {isa = PBXBuildFile; fileRef = 18D80E34275EAAC3005BCE63 /* ForgotPasswordViewController.swift */; };
		18D80E3C2760043C005BCE63 /* MainTabBar.swift in Sources */ = {isa = PBXBuildFile; fileRef = 18D80E3B2760043C005BCE63 /* MainTabBar.swift */; };
		18D80E4027600484005BCE63 /* MainTabBarController.swift in Sources */ = {isa = PBXBuildFile; fileRef = 18D80E3F27600484005BCE63 /* MainTabBarController.swift */; };
		18D80E73276A5907005BCE63 /* StoryboardInitializable.swift in Sources */ = {isa = PBXBuildFile; fileRef = 18D80E72276A5907005BCE63 /* StoryboardInitializable.swift */; };
		18D80E76276A59F8005BCE63 /* Constants.swift in Sources */ = {isa = PBXBuildFile; fileRef = 18D80E75276A59F8005BCE63 /* Constants.swift */; };
		18D80E8B276A60DC005BCE63 /* Bootstrapper.swift in Sources */ = {isa = PBXBuildFile; fileRef = 18D80E8A276A60DB005BCE63 /* Bootstrapper.swift */; };
		18D80E90276A6446005BCE63 /* HomeViewController.swift in Sources */ = {isa = PBXBuildFile; fileRef = 18D80E8F276A6446005BCE63 /* HomeViewController.swift */; };
		18D80E96276A64F4005BCE63 /* HomeTableViewCell.swift in Sources */ = {isa = PBXBuildFile; fileRef = 18D80E94276A64F4005BCE63 /* HomeTableViewCell.swift */; };
		18D80E97276A64F4005BCE63 /* HomeTableViewCell.xib in Resources */ = {isa = PBXBuildFile; fileRef = 18D80E95276A64F4005BCE63 /* HomeTableViewCell.xib */; };
		18D80E9B276A671D005BCE63 /* Utilities.swift in Sources */ = {isa = PBXBuildFile; fileRef = 18D80E9A276A671D005BCE63 /* Utilities.swift */; };
		18D80EA0276A67FA005BCE63 /* HomeCollectionViewCell.swift in Sources */ = {isa = PBXBuildFile; fileRef = 18D80E9E276A67FA005BCE63 /* HomeCollectionViewCell.swift */; };
		18D80EA1276A67FA005BCE63 /* HomeCollectionViewCell.xib in Resources */ = {isa = PBXBuildFile; fileRef = 18D80E9F276A67FA005BCE63 /* HomeCollectionViewCell.xib */; };
		18D80EA7276A6F7C005BCE63 /* MyProfileViewController.swift in Sources */ = {isa = PBXBuildFile; fileRef = 18D80EA6276A6F7C005BCE63 /* MyProfileViewController.swift */; };
		88BFE39B27672262004777BC /* Extension+UINavigationController.swift in Sources */ = {isa = PBXBuildFile; fileRef = 88BFE38F27672262004777BC /* Extension+UINavigationController.swift */; };
		88BFE39C27672262004777BC /* Extension+NotificationName.swift in Sources */ = {isa = PBXBuildFile; fileRef = 88BFE39027672262004777BC /* Extension+NotificationName.swift */; };
		88BFE39D27672262004777BC /* Extension+UIColor.swift in Sources */ = {isa = PBXBuildFile; fileRef = 88BFE39127672262004777BC /* Extension+UIColor.swift */; };
		88BFE39E27672262004777BC /* Extension+UIImageView.swift in Sources */ = {isa = PBXBuildFile; fileRef = 88BFE39227672262004777BC /* Extension+UIImageView.swift */; };
		88BFE39F27672262004777BC /* Extension+UIApplication.swift in Sources */ = {isa = PBXBuildFile; fileRef = 88BFE39327672262004777BC /* Extension+UIApplication.swift */; };
		88BFE3A027672262004777BC /* Extension+Data.swift in Sources */ = {isa = PBXBuildFile; fileRef = 88BFE39427672262004777BC /* Extension+Data.swift */; };
		88BFE3A127672262004777BC /* Extension+UITextField.swift in Sources */ = {isa = PBXBuildFile; fileRef = 88BFE39527672262004777BC /* Extension+UITextField.swift */; };
		88BFE3A227672262004777BC /* Extension+TCHJsonAttributes.swift in Sources */ = {isa = PBXBuildFile; fileRef = 88BFE39627672262004777BC /* Extension+TCHJsonAttributes.swift */; };
		88BFE3A327672262004777BC /* Extension+Date.swift in Sources */ = {isa = PBXBuildFile; fileRef = 88BFE39727672262004777BC /* Extension+Date.swift */; };
		88BFE3A427672262004777BC /* Extension+Error.swift in Sources */ = {isa = PBXBuildFile; fileRef = 88BFE39827672262004777BC /* Extension+Error.swift */; };
		88BFE3A527672262004777BC /* Extension+UIView.swift in Sources */ = {isa = PBXBuildFile; fileRef = 88BFE39927672262004777BC /* Extension+UIView.swift */; };
		88BFE3A627672262004777BC /* Extension+String.swift in Sources */ = {isa = PBXBuildFile; fileRef = 88BFE39A27672262004777BC /* Extension+String.swift */; };
		CE529DCD6D94858D7E0B1B5F /* Pods_ResturantReminder.framework in Frameworks */ = {isa = PBXBuildFile; fileRef = 27BA98DF94E5B1EA6BFE1554 /* Pods_ResturantReminder.framework */; };
		D0557D3727720476002D303B /* HomeViewModel.swift in Sources */ = {isa = PBXBuildFile; fileRef = D0557D3627720476002D303B /* HomeViewModel.swift */; };
		D063D1F1277457D7008FF0E0 /* SettingsViewModel.swift in Sources */ = {isa = PBXBuildFile; fileRef = D063D1F0277457D7008FF0E0 /* SettingsViewModel.swift */; };
		D086CE9E27843FC20093877F /* ScannerViewController.swift in Sources */ = {isa = PBXBuildFile; fileRef = D086CE9D27843FC20093877F /* ScannerViewController.swift */; };
		D0A2891C277071B2006CA1D7 /* FirebaseManager.swift in Sources */ = {isa = PBXBuildFile; fileRef = D0A2891B277071B2006CA1D7 /* FirebaseManager.swift */; };
		D0A2891E27707867006CA1D7 /* UserModel.swift in Sources */ = {isa = PBXBuildFile; fileRef = D0A2891D27707867006CA1D7 /* UserModel.swift */; };
		D0A2892227709838006CA1D7 /* AddResturantViewModel.swift in Sources */ = {isa = PBXBuildFile; fileRef = D0A2892127709838006CA1D7 /* AddResturantViewModel.swift */; };
		D0A2892427709888006CA1D7 /* ResturantModel.swift in Sources */ = {isa = PBXBuildFile; fileRef = D0A2892327709888006CA1D7 /* ResturantModel.swift */; };
		D0A289262770AD90006CA1D7 /* AppDefaults.swift in Sources */ = {isa = PBXBuildFile; fileRef = D0A289252770AD90006CA1D7 /* AppDefaults.swift */; };
		D0A289292770B264006CA1D7 /* MyProfileViewModel.swift in Sources */ = {isa = PBXBuildFile; fileRef = D0A289282770B264006CA1D7 /* MyProfileViewModel.swift */; };
		D0A6851A2779E16D000D7097 /* SettingsModel.swift in Sources */ = {isa = PBXBuildFile; fileRef = D0A685192779E16D000D7097 /* SettingsModel.swift */; };
/* End PBXBuildFile section */

/* Begin PBXFileReference section */
		181848702781BEF000A5BB70 /* LocationModel.swift */ = {isa = PBXFileReference; lastKnownFileType = sourcecode.swift; path = LocationModel.swift; sourceTree = "<group>"; };
		181848752781EC7800A5BB70 /* LocationManager.swift */ = {isa = PBXFileReference; lastKnownFileType = sourcecode.swift; path = LocationManager.swift; sourceTree = "<group>"; };
		18607526276A7E79000786F8 /* SettingsViewController.swift */ = {isa = PBXFileReference; lastKnownFileType = sourcecode.swift; path = SettingsViewController.swift; sourceTree = "<group>"; };
		1860752B276A7F22000786F8 /* AddCategoriesCollectionViewCell.swift */ = {isa = PBXFileReference; lastKnownFileType = sourcecode.swift; path = AddCategoriesCollectionViewCell.swift; sourceTree = "<group>"; };
		1860752F276A8238000786F8 /* CategoryCollectionViewCell.swift */ = {isa = PBXFileReference; lastKnownFileType = sourcecode.swift; path = CategoryCollectionViewCell.swift; sourceTree = "<group>"; };
		18607534276A85A3000786F8 /* AddResturantViewController.swift */ = {isa = PBXFileReference; lastKnownFileType = sourcecode.swift; path = AddResturantViewController.swift; sourceTree = "<group>"; };
		18718422278AF0B600B33AFD /* AddRestaurantNetwork.swift */ = {isa = PBXFileReference; lastKnownFileType = sourcecode.swift; path = AddRestaurantNetwork.swift; sourceTree = "<group>"; };
		187A0F4B276E96F400174C36 /* SignUpViewModel.swift */ = {isa = PBXFileReference; lastKnownFileType = sourcecode.swift; path = SignUpViewModel.swift; sourceTree = "<group>"; };
		187A0F51276EA44000174C36 /* LoginViewModel.swift */ = {isa = PBXFileReference; lastKnownFileType = sourcecode.swift; path = LoginViewModel.swift; sourceTree = "<group>"; };
		187A0F6A276EA68900174C36 /* Snackbar.swift */ = {isa = PBXFileReference; lastKnownFileType = sourcecode.swift; path = Snackbar.swift; sourceTree = "<group>"; };
		18C26DFD276E8A5800D07FA9 /* GoogleService-Info.plist */ = {isa = PBXFileReference; fileEncoding = 4; lastKnownFileType = text.plist.xml; path = "GoogleService-Info.plist"; sourceTree = "<group>"; };
		18C49B06278659CA001D9F2D /* NotificationManager.swift */ = {isa = PBXFileReference; lastKnownFileType = sourcecode.swift; path = NotificationManager.swift; sourceTree = "<group>"; };
		18CC819F276E20FE00AC133A /* Alert.swift */ = {isa = PBXFileReference; lastKnownFileType = sourcecode.swift; path = Alert.swift; sourceTree = "<group>"; };
		18D80DF2275E8B86005BCE63 /* ResturantReminder.app */ = {isa = PBXFileReference; explicitFileType = wrapper.application; includeInIndex = 0; path = ResturantReminder.app; sourceTree = BUILT_PRODUCTS_DIR; };
		18D80DF5275E8B86005BCE63 /* AppDelegate.swift */ = {isa = PBXFileReference; lastKnownFileType = sourcecode.swift; path = AppDelegate.swift; sourceTree = "<group>"; };
		18D80DFC275E8B86005BCE63 /* Base */ = {isa = PBXFileReference; lastKnownFileType = file.storyboard; name = Base; path = Base.lproj/Main.storyboard; sourceTree = "<group>"; };
		18D80DFE275E8B87005BCE63 /* Assets.xcassets */ = {isa = PBXFileReference; lastKnownFileType = folder.assetcatalog; path = Assets.xcassets; sourceTree = "<group>"; };
		18D80E01275E8B87005BCE63 /* Base */ = {isa = PBXFileReference; lastKnownFileType = file.storyboard; name = Base; path = Base.lproj/LaunchScreen.storyboard; sourceTree = "<group>"; };
		18D80E03275E8B87005BCE63 /* Info.plist */ = {isa = PBXFileReference; lastKnownFileType = text.plist.xml; path = Info.plist; sourceTree = "<group>"; };
		18D80E10275E8E93005BCE63 /* Authentication.storyboard */ = {isa = PBXFileReference; lastKnownFileType = file.storyboard; path = Authentication.storyboard; sourceTree = "<group>"; };
		18D80E1F275EA576005BCE63 /* LoginViewController.swift */ = {isa = PBXFileReference; lastKnownFileType = sourcecode.swift; path = LoginViewController.swift; sourceTree = "<group>"; };
		18D80E25275EA5BB005BCE63 /* SignUpViewController.swift */ = {isa = PBXFileReference; lastKnownFileType = sourcecode.swift; path = SignUpViewController.swift; sourceTree = "<group>"; };
		18D80E34275EAAC3005BCE63 /* ForgotPasswordViewController.swift */ = {isa = PBXFileReference; lastKnownFileType = sourcecode.swift; path = ForgotPasswordViewController.swift; sourceTree = "<group>"; };
		18D80E3B2760043C005BCE63 /* MainTabBar.swift */ = {isa = PBXFileReference; lastKnownFileType = sourcecode.swift; path = MainTabBar.swift; sourceTree = "<group>"; };
		18D80E3F27600484005BCE63 /* MainTabBarController.swift */ = {isa = PBXFileReference; lastKnownFileType = sourcecode.swift; path = MainTabBarController.swift; sourceTree = "<group>"; };
		18D80E72276A5907005BCE63 /* StoryboardInitializable.swift */ = {isa = PBXFileReference; lastKnownFileType = sourcecode.swift; path = StoryboardInitializable.swift; sourceTree = "<group>"; };
		18D80E75276A59F8005BCE63 /* Constants.swift */ = {isa = PBXFileReference; lastKnownFileType = sourcecode.swift; path = Constants.swift; sourceTree = "<group>"; };
		18D80E8A276A60DB005BCE63 /* Bootstrapper.swift */ = {isa = PBXFileReference; lastKnownFileType = sourcecode.swift; path = Bootstrapper.swift; sourceTree = "<group>"; };
		18D80E8F276A6446005BCE63 /* HomeViewController.swift */ = {isa = PBXFileReference; lastKnownFileType = sourcecode.swift; path = HomeViewController.swift; sourceTree = "<group>"; };
		18D80E94276A64F4005BCE63 /* HomeTableViewCell.swift */ = {isa = PBXFileReference; lastKnownFileType = sourcecode.swift; path = HomeTableViewCell.swift; sourceTree = "<group>"; };
		18D80E95276A64F4005BCE63 /* HomeTableViewCell.xib */ = {isa = PBXFileReference; lastKnownFileType = file.xib; path = HomeTableViewCell.xib; sourceTree = "<group>"; };
		18D80E9A276A671D005BCE63 /* Utilities.swift */ = {isa = PBXFileReference; fileEncoding = 4; lastKnownFileType = sourcecode.swift; path = Utilities.swift; sourceTree = "<group>"; };
		18D80E9E276A67FA005BCE63 /* HomeCollectionViewCell.swift */ = {isa = PBXFileReference; lastKnownFileType = sourcecode.swift; path = HomeCollectionViewCell.swift; sourceTree = "<group>"; };
		18D80E9F276A67FA005BCE63 /* HomeCollectionViewCell.xib */ = {isa = PBXFileReference; lastKnownFileType = file.xib; path = HomeCollectionViewCell.xib; sourceTree = "<group>"; };
		18D80EA6276A6F7C005BCE63 /* MyProfileViewController.swift */ = {isa = PBXFileReference; lastKnownFileType = sourcecode.swift; path = MyProfileViewController.swift; sourceTree = "<group>"; };
		27BA98DF94E5B1EA6BFE1554 /* Pods_ResturantReminder.framework */ = {isa = PBXFileReference; explicitFileType = wrapper.framework; includeInIndex = 0; path = Pods_ResturantReminder.framework; sourceTree = BUILT_PRODUCTS_DIR; };
		88BFE38F27672262004777BC /* Extension+UINavigationController.swift */ = {isa = PBXFileReference; fileEncoding = 4; lastKnownFileType = sourcecode.swift; path = "Extension+UINavigationController.swift"; sourceTree = "<group>"; };
		88BFE39027672262004777BC /* Extension+NotificationName.swift */ = {isa = PBXFileReference; fileEncoding = 4; lastKnownFileType = sourcecode.swift; path = "Extension+NotificationName.swift"; sourceTree = "<group>"; };
		88BFE39127672262004777BC /* Extension+UIColor.swift */ = {isa = PBXFileReference; fileEncoding = 4; lastKnownFileType = sourcecode.swift; path = "Extension+UIColor.swift"; sourceTree = "<group>"; };
		88BFE39227672262004777BC /* Extension+UIImageView.swift */ = {isa = PBXFileReference; fileEncoding = 4; lastKnownFileType = sourcecode.swift; path = "Extension+UIImageView.swift"; sourceTree = "<group>"; };
		88BFE39327672262004777BC /* Extension+UIApplication.swift */ = {isa = PBXFileReference; fileEncoding = 4; lastKnownFileType = sourcecode.swift; path = "Extension+UIApplication.swift"; sourceTree = "<group>"; };
		88BFE39427672262004777BC /* Extension+Data.swift */ = {isa = PBXFileReference; fileEncoding = 4; lastKnownFileType = sourcecode.swift; path = "Extension+Data.swift"; sourceTree = "<group>"; };
		88BFE39527672262004777BC /* Extension+UITextField.swift */ = {isa = PBXFileReference; fileEncoding = 4; lastKnownFileType = sourcecode.swift; path = "Extension+UITextField.swift"; sourceTree = "<group>"; };
		88BFE39627672262004777BC /* Extension+TCHJsonAttributes.swift */ = {isa = PBXFileReference; fileEncoding = 4; lastKnownFileType = sourcecode.swift; path = "Extension+TCHJsonAttributes.swift"; sourceTree = "<group>"; };
		88BFE39727672262004777BC /* Extension+Date.swift */ = {isa = PBXFileReference; fileEncoding = 4; lastKnownFileType = sourcecode.swift; path = "Extension+Date.swift"; sourceTree = "<group>"; };
		88BFE39827672262004777BC /* Extension+Error.swift */ = {isa = PBXFileReference; fileEncoding = 4; lastKnownFileType = sourcecode.swift; path = "Extension+Error.swift"; sourceTree = "<group>"; };
		88BFE39927672262004777BC /* Extension+UIView.swift */ = {isa = PBXFileReference; fileEncoding = 4; lastKnownFileType = sourcecode.swift; path = "Extension+UIView.swift"; sourceTree = "<group>"; };
		88BFE39A27672262004777BC /* Extension+String.swift */ = {isa = PBXFileReference; fileEncoding = 4; lastKnownFileType = sourcecode.swift; path = "Extension+String.swift"; sourceTree = "<group>"; };
		9E024A0EFC294F831236F33A /* Pods-ResturantReminder.debug.xcconfig */ = {isa = PBXFileReference; includeInIndex = 1; lastKnownFileType = text.xcconfig; name = "Pods-ResturantReminder.debug.xcconfig"; path = "Target Support Files/Pods-ResturantReminder/Pods-ResturantReminder.debug.xcconfig"; sourceTree = "<group>"; };
		BE4519A7C9D391AA9B593008 /* Pods-ResturantReminder.release.xcconfig */ = {isa = PBXFileReference; includeInIndex = 1; lastKnownFileType = text.xcconfig; name = "Pods-ResturantReminder.release.xcconfig"; path = "Target Support Files/Pods-ResturantReminder/Pods-ResturantReminder.release.xcconfig"; sourceTree = "<group>"; };
		D0557D3627720476002D303B /* HomeViewModel.swift */ = {isa = PBXFileReference; lastKnownFileType = sourcecode.swift; path = HomeViewModel.swift; sourceTree = "<group>"; };
		D063D1F0277457D7008FF0E0 /* SettingsViewModel.swift */ = {isa = PBXFileReference; lastKnownFileType = sourcecode.swift; path = SettingsViewModel.swift; sourceTree = "<group>"; };
		D086CE9D27843FC20093877F /* ScannerViewController.swift */ = {isa = PBXFileReference; lastKnownFileType = sourcecode.swift; path = ScannerViewController.swift; sourceTree = "<group>"; };
		D0A2891B277071B2006CA1D7 /* FirebaseManager.swift */ = {isa = PBXFileReference; lastKnownFileType = sourcecode.swift; path = FirebaseManager.swift; sourceTree = "<group>"; };
		D0A2891D27707867006CA1D7 /* UserModel.swift */ = {isa = PBXFileReference; lastKnownFileType = sourcecode.swift; path = UserModel.swift; sourceTree = "<group>"; };
		D0A2892127709838006CA1D7 /* AddResturantViewModel.swift */ = {isa = PBXFileReference; lastKnownFileType = sourcecode.swift; path = AddResturantViewModel.swift; sourceTree = "<group>"; };
		D0A2892327709888006CA1D7 /* ResturantModel.swift */ = {isa = PBXFileReference; lastKnownFileType = sourcecode.swift; path = ResturantModel.swift; sourceTree = "<group>"; };
		D0A289252770AD90006CA1D7 /* AppDefaults.swift */ = {isa = PBXFileReference; lastKnownFileType = sourcecode.swift; path = AppDefaults.swift; sourceTree = "<group>"; };
		D0A289282770B264006CA1D7 /* MyProfileViewModel.swift */ = {isa = PBXFileReference; lastKnownFileType = sourcecode.swift; path = MyProfileViewModel.swift; sourceTree = "<group>"; };
		D0A685192779E16D000D7097 /* SettingsModel.swift */ = {isa = PBXFileReference; lastKnownFileType = sourcecode.swift; path = SettingsModel.swift; sourceTree = "<group>"; };
/* End PBXFileReference section */

/* Begin PBXFrameworksBuildPhase section */
		18D80DEF275E8B86005BCE63 /* Frameworks */ = {
			isa = PBXFrameworksBuildPhase;
			buildActionMask = 2147483647;
			files = (
				184EAFF02777291A002E619D /* GoogleSignIn in Frameworks */,
				CE529DCD6D94858D7E0B1B5F /* Pods_ResturantReminder.framework in Frameworks */,
			);
			runOnlyForDeploymentPostprocessing = 0;
		};
/* End PBXFrameworksBuildPhase section */

/* Begin PBXGroup section */
		180EE5E227865853005BD704 /* Notification Manager */ = {
			isa = PBXGroup;
			children = (
				18C49B06278659CA001D9F2D /* NotificationManager.swift */,
			);
			path = "Notification Manager";
			sourceTree = "<group>";
		};
		1818486E2781BED200A5BB70 /* Location */ = {
			isa = PBXGroup;
			children = (
				1818486F2781BEE300A5BB70 /* Model */,
			);
			path = Location;
			sourceTree = "<group>";
		};
		1818486F2781BEE300A5BB70 /* Model */ = {
			isa = PBXGroup;
			children = (
				181848702781BEF000A5BB70 /* LocationModel.swift */,
			);
			path = Model;
			sourceTree = "<group>";
		};
		181848742781EC6800A5BB70 /* Location Manager */ = {
			isa = PBXGroup;
			children = (
				181848752781EC7800A5BB70 /* LocationManager.swift */,
			);
			path = "Location Manager";
			sourceTree = "<group>";
		};
		18607524276A7E62000786F8 /* Settings */ = {
			isa = PBXGroup;
			children = (
				D0A685182779E15F000D7097 /* Model */,
				D063D1EF277457C6008FF0E0 /* ViewModel */,
				18607525276A7E68000786F8 /* View */,
			);
			path = Settings;
			sourceTree = "<group>";
		};
		18607525276A7E68000786F8 /* View */ = {
			isa = PBXGroup;
			children = (
				1860752A276A7F07000786F8 /* CollectionViewCell */,
				18607526276A7E79000786F8 /* SettingsViewController.swift */,
			);
			name = View;
			sourceTree = "<group>";
		};
		1860752A276A7F07000786F8 /* CollectionViewCell */ = {
			isa = PBXGroup;
			children = (
				1860752B276A7F22000786F8 /* AddCategoriesCollectionViewCell.swift */,
				1860752F276A8238000786F8 /* CategoryCollectionViewCell.swift */,
			);
			name = CollectionViewCell;
			sourceTree = "<group>";
		};
		18607532276A858D000786F8 /* Add Resturant */ = {
			isa = PBXGroup;
			children = (
				18718421278AF09F00B33AFD /* Network */,
				D0A2892027709828006CA1D7 /* Model */,
				D0A2891F27709821006CA1D7 /* ViewModel */,
				18607533276A8594000786F8 /* View */,
			);
			path = "Add Resturant";
			sourceTree = "<group>";
		};
		18607533276A8594000786F8 /* View */ = {
			isa = PBXGroup;
			children = (
				18607534276A85A3000786F8 /* AddResturantViewController.swift */,
			);
			name = View;
			sourceTree = "<group>";
		};
		18718421278AF09F00B33AFD /* Network */ = {
			isa = PBXGroup;
			children = (
				18718422278AF0B600B33AFD /* AddRestaurantNetwork.swift */,
			);
			name = Network;
			sourceTree = "<group>";
		};
		187A0F49276E96D800174C36 /* ViewModel */ = {
			isa = PBXGroup;
			children = (
				187A0F4B276E96F400174C36 /* SignUpViewModel.swift */,
			);
			name = ViewModel;
			sourceTree = "<group>";
		};
		187A0F4A276E96E100174C36 /* Model */ = {
			isa = PBXGroup;
			children = (
				D0A2891D27707867006CA1D7 /* UserModel.swift */,
			);
			name = Model;
			sourceTree = "<group>";
		};
		187A0F4F276EA42000174C36 /* ViewModel */ = {
			isa = PBXGroup;
			children = (
				187A0F51276EA44000174C36 /* LoginViewModel.swift */,
			);
			name = ViewModel;
			sourceTree = "<group>";
		};
		187A0F50276EA42600174C36 /* Model */ = {
			isa = PBXGroup;
			children = (
			);
			name = Model;
			sourceTree = "<group>";
		};
		18C26DF9276E7D8500D07FA9 /* QRScanner */ = {
			isa = PBXGroup;
			children = (
				D086CE9C27843FAD0093877F /* View */,
			);
			path = QRScanner;
			sourceTree = "<group>";
		};
		18D80DE9275E8B86005BCE63 = {
			isa = PBXGroup;
			children = (
				18D80DF4275E8B86005BCE63 /* ResturantReminder */,
				18D80DF3275E8B86005BCE63 /* Products */,
				32C8E490C5D5A597E598AFFB /* Pods */,
				31558418C6A50011CE447F33 /* Frameworks */,
			);
			sourceTree = "<group>";
		};
		18D80DF3275E8B86005BCE63 /* Products */ = {
			isa = PBXGroup;
			children = (
				18D80DF2275E8B86005BCE63 /* ResturantReminder.app */,
			);
			name = Products;
			sourceTree = "<group>";
		};
		18D80DF4275E8B86005BCE63 /* ResturantReminder */ = {
			isa = PBXGroup;
			children = (
				180EE5E227865853005BD704 /* Notification Manager */,
				181848742781EC6800A5BB70 /* Location Manager */,
				D0A2891A277071A2006CA1D7 /* Firebase Manager */,
				18D80E71276A58F7005BCE63 /* Helper */,
				18D80E0E275E8BB9005BCE63 /* Extensions */,
				18D80E0D275E8BB3005BCE63 /* Modules */,
				18D80E0C275E8BAC005BCE63 /* Resources */,
				18D80E0B275E8BA7005BCE63 /* Storyboard */,
				18D80DF5275E8B86005BCE63 /* AppDelegate.swift */,
				18D80E03275E8B87005BCE63 /* Info.plist */,
				18C26DFD276E8A5800D07FA9 /* GoogleService-Info.plist */,
			);
			path = ResturantReminder;
			sourceTree = "<group>";
		};
		18D80E0B275E8BA7005BCE63 /* Storyboard */ = {
			isa = PBXGroup;
			children = (
				18D80E00275E8B87005BCE63 /* LaunchScreen.storyboard */,
				18D80E10275E8E93005BCE63 /* Authentication.storyboard */,
				18D80DFB275E8B86005BCE63 /* Main.storyboard */,
			);
			path = Storyboard;
			sourceTree = "<group>";
		};
		18D80E0C275E8BAC005BCE63 /* Resources */ = {
			isa = PBXGroup;
			children = (
				18D80DFE275E8B87005BCE63 /* Assets.xcassets */,
			);
			path = Resources;
			sourceTree = "<group>";
		};
		18D80E0D275E8BB3005BCE63 /* Modules */ = {
			isa = PBXGroup;
			children = (
				1818486E2781BED200A5BB70 /* Location */,
				18C26DF9276E7D8500D07FA9 /* QRScanner */,
				18607532276A858D000786F8 /* Add Resturant */,
				18607524276A7E62000786F8 /* Settings */,
				18D80EA4276A6F61005BCE63 /* MyProfile */,
				18D80E8D276A642C005BCE63 /* Home */,
				18D80E39276002AF005BCE63 /* Main Tabbar Controller */,
				18D80E1C275EA4C6005BCE63 /* Authentication */,
			);
			path = Modules;
			sourceTree = "<group>";
		};
		18D80E0E275E8BB9005BCE63 /* Extensions */ = {
			isa = PBXGroup;
			children = (
				88BFE39427672262004777BC /* Extension+Data.swift */,
				88BFE39727672262004777BC /* Extension+Date.swift */,
				88BFE39827672262004777BC /* Extension+Error.swift */,
				88BFE39027672262004777BC /* Extension+NotificationName.swift */,
				88BFE39A27672262004777BC /* Extension+String.swift */,
				88BFE39627672262004777BC /* Extension+TCHJsonAttributes.swift */,
				88BFE39327672262004777BC /* Extension+UIApplication.swift */,
				88BFE39127672262004777BC /* Extension+UIColor.swift */,
				88BFE39227672262004777BC /* Extension+UIImageView.swift */,
				88BFE38F27672262004777BC /* Extension+UINavigationController.swift */,
				88BFE39527672262004777BC /* Extension+UITextField.swift */,
				88BFE39927672262004777BC /* Extension+UIView.swift */,
			);
			path = Extensions;
			sourceTree = "<group>";
		};
		18D80E1C275EA4C6005BCE63 /* Authentication */ = {
			isa = PBXGroup;
			children = (
				18D80E32275EAAA9005BCE63 /* ForgotPassword */,
				18D80E23275EA5A6005BCE63 /* SignUp */,
				18D80E1D275EA4CE005BCE63 /* Login  */,
			);
			path = Authentication;
			sourceTree = "<group>";
		};
		18D80E1D275EA4CE005BCE63 /* Login  */ = {
			isa = PBXGroup;
			children = (
				187A0F50276EA42600174C36 /* Model */,
				187A0F4F276EA42000174C36 /* ViewModel */,
				18D80E1E275EA563005BCE63 /* View */,
			);
			path = "Login ";
			sourceTree = "<group>";
		};
		18D80E1E275EA563005BCE63 /* View */ = {
			isa = PBXGroup;
			children = (
				18D80E1F275EA576005BCE63 /* LoginViewController.swift */,
			);
			name = View;
			sourceTree = "<group>";
		};
		18D80E23275EA5A6005BCE63 /* SignUp */ = {
			isa = PBXGroup;
			children = (
				187A0F4A276E96E100174C36 /* Model */,
				187A0F49276E96D800174C36 /* ViewModel */,
				18D80E24275EA5AF005BCE63 /* View */,
			);
			path = SignUp;
			sourceTree = "<group>";
		};
		18D80E24275EA5AF005BCE63 /* View */ = {
			isa = PBXGroup;
			children = (
				18D80E25275EA5BB005BCE63 /* SignUpViewController.swift */,
			);
			name = View;
			sourceTree = "<group>";
		};
		18D80E32275EAAA9005BCE63 /* ForgotPassword */ = {
			isa = PBXGroup;
			children = (
				18D80E33275EAAB1005BCE63 /* View */,
			);
			path = ForgotPassword;
			sourceTree = "<group>";
		};
		18D80E33275EAAB1005BCE63 /* View */ = {
			isa = PBXGroup;
			children = (
				18D80E34275EAAC3005BCE63 /* ForgotPasswordViewController.swift */,
			);
			name = View;
			sourceTree = "<group>";
		};
		18D80E39276002AF005BCE63 /* Main Tabbar Controller */ = {
			isa = PBXGroup;
			children = (
				18D80E3B2760043C005BCE63 /* MainTabBar.swift */,
				18D80E3F27600484005BCE63 /* MainTabBarController.swift */,
			);
			path = "Main Tabbar Controller";
			sourceTree = "<group>";
		};
		18D80E71276A58F7005BCE63 /* Helper */ = {
			isa = PBXGroup;
			children = (
				18CC819F276E20FE00AC133A /* Alert.swift */,
				18D80E9A276A671D005BCE63 /* Utilities.swift */,
				18D80E72276A5907005BCE63 /* StoryboardInitializable.swift */,
				18D80E75276A59F8005BCE63 /* Constants.swift */,
				18D80E8A276A60DB005BCE63 /* Bootstrapper.swift */,
				187A0F6A276EA68900174C36 /* Snackbar.swift */,
				D0A289252770AD90006CA1D7 /* AppDefaults.swift */,
			);
			path = Helper;
			sourceTree = "<group>";
		};
		18D80E8D276A642C005BCE63 /* Home */ = {
			isa = PBXGroup;
			children = (
				D0557D352772046B002D303B /* Model */,
				D0557D3427720466002D303B /* ViewModel */,
				18D80E8E276A6431005BCE63 /* View */,
			);
			path = Home;
			sourceTree = "<group>";
		};
		18D80E8E276A6431005BCE63 /* View */ = {
			isa = PBXGroup;
			children = (
				18D80E9D276A67E2005BCE63 /* CollectionViewCell */,
				18D80E93276A64BF005BCE63 /* TableViewCell */,
				18D80E8F276A6446005BCE63 /* HomeViewController.swift */,
			);
			name = View;
			sourceTree = "<group>";
		};
		18D80E93276A64BF005BCE63 /* TableViewCell */ = {
			isa = PBXGroup;
			children = (
				18D80E94276A64F4005BCE63 /* HomeTableViewCell.swift */,
				18D80E95276A64F4005BCE63 /* HomeTableViewCell.xib */,
			);
			name = TableViewCell;
			sourceTree = "<group>";
		};
		18D80E9D276A67E2005BCE63 /* CollectionViewCell */ = {
			isa = PBXGroup;
			children = (
				18D80E9E276A67FA005BCE63 /* HomeCollectionViewCell.swift */,
				18D80E9F276A67FA005BCE63 /* HomeCollectionViewCell.xib */,
			);
			name = CollectionViewCell;
			sourceTree = "<group>";
		};
		18D80EA4276A6F61005BCE63 /* MyProfile */ = {
			isa = PBXGroup;
			children = (
				D0A289272770B257006CA1D7 /* ViewModel */,
				18D80EA5276A6F6C005BCE63 /* View */,
			);
			path = MyProfile;
			sourceTree = "<group>";
		};
		18D80EA5276A6F6C005BCE63 /* View */ = {
			isa = PBXGroup;
			children = (
				18D80EA6276A6F7C005BCE63 /* MyProfileViewController.swift */,
			);
			name = View;
			sourceTree = "<group>";
		};
		31558418C6A50011CE447F33 /* Frameworks */ = {
			isa = PBXGroup;
			children = (
				27BA98DF94E5B1EA6BFE1554 /* Pods_ResturantReminder.framework */,
			);
			name = Frameworks;
			sourceTree = "<group>";
		};
		32C8E490C5D5A597E598AFFB /* Pods */ = {
			isa = PBXGroup;
			children = (
				9E024A0EFC294F831236F33A /* Pods-ResturantReminder.debug.xcconfig */,
				BE4519A7C9D391AA9B593008 /* Pods-ResturantReminder.release.xcconfig */,
			);
			path = Pods;
			sourceTree = "<group>";
		};
		D0557D3427720466002D303B /* ViewModel */ = {
			isa = PBXGroup;
			children = (
				D0557D3627720476002D303B /* HomeViewModel.swift */,
			);
			name = ViewModel;
			sourceTree = "<group>";
		};
		D0557D352772046B002D303B /* Model */ = {
			isa = PBXGroup;
			children = (
			);
			name = Model;
			sourceTree = "<group>";
		};
		D063D1EF277457C6008FF0E0 /* ViewModel */ = {
			isa = PBXGroup;
			children = (
				D063D1F0277457D7008FF0E0 /* SettingsViewModel.swift */,
			);
			name = ViewModel;
			sourceTree = "<group>";
		};
		D086CE9C27843FAD0093877F /* View */ = {
			isa = PBXGroup;
			children = (
				D086CE9D27843FC20093877F /* ScannerViewController.swift */,
			);
			path = View;
			sourceTree = "<group>";
		};
		D0A2891A277071A2006CA1D7 /* Firebase Manager */ = {
			isa = PBXGroup;
			children = (
				D0A2891B277071B2006CA1D7 /* FirebaseManager.swift */,
			);
			path = "Firebase Manager";
			sourceTree = "<group>";
		};
		D0A2891F27709821006CA1D7 /* ViewModel */ = {
			isa = PBXGroup;
			children = (
				D0A2892127709838006CA1D7 /* AddResturantViewModel.swift */,
			);
			name = ViewModel;
			sourceTree = "<group>";
		};
		D0A2892027709828006CA1D7 /* Model */ = {
			isa = PBXGroup;
			children = (
				D0A2892327709888006CA1D7 /* ResturantModel.swift */,
			);
			name = Model;
			sourceTree = "<group>";
		};
		D0A289272770B257006CA1D7 /* ViewModel */ = {
			isa = PBXGroup;
			children = (
				D0A289282770B264006CA1D7 /* MyProfileViewModel.swift */,
			);
			name = ViewModel;
			sourceTree = "<group>";
		};
		D0A685182779E15F000D7097 /* Model */ = {
			isa = PBXGroup;
			children = (
				D0A685192779E16D000D7097 /* SettingsModel.swift */,
			);
			name = Model;
			sourceTree = "<group>";
		};
/* End PBXGroup section */

/* Begin PBXNativeTarget section */
		18D80DF1275E8B86005BCE63 /* ResturantReminder */ = {
			isa = PBXNativeTarget;
			buildConfigurationList = 18D80E06275E8B87005BCE63 /* Build configuration list for PBXNativeTarget "ResturantReminder" */;
			buildPhases = (
				9C370832E21B687B13DE0FB1 /* [CP] Check Pods Manifest.lock */,
				18D80DEE275E8B86005BCE63 /* Sources */,
				18D80DEF275E8B86005BCE63 /* Frameworks */,
				18D80DF0275E8B86005BCE63 /* Resources */,
				66FF99FCF8A472DAD43C4C2A /* [CP] Embed Pods Frameworks */,
				692B76F4AD35B22F1500A519 /* [CP] Copy Pods Resources */,
			);
			buildRules = (
			);
			dependencies = (
			);
			name = ResturantReminder;
			packageProductDependencies = (
				184EAFEF2777291A002E619D /* GoogleSignIn */,
			);
			productName = ResturantReminder;
			productReference = 18D80DF2275E8B86005BCE63 /* ResturantReminder.app */;
			productType = "com.apple.product-type.application";
		};
/* End PBXNativeTarget section */

/* Begin PBXProject section */
		18D80DEA275E8B86005BCE63 /* Project object */ = {
			isa = PBXProject;
			attributes = {
				LastSwiftUpdateCheck = 1230;
				LastUpgradeCheck = 1230;
				TargetAttributes = {
					18D80DF1275E8B86005BCE63 = {
						CreatedOnToolsVersion = 12.3;
					};
				};
			};
			buildConfigurationList = 18D80DED275E8B86005BCE63 /* Build configuration list for PBXProject "ResturantReminder" */;
			compatibilityVersion = "Xcode 9.3";
			developmentRegion = en;
			hasScannedForEncodings = 0;
			knownRegions = (
				en,
				Base,
			);
			mainGroup = 18D80DE9275E8B86005BCE63;
			packageReferences = (
				184EAFEC27772686002E619D /* XCRemoteSwiftPackageReference "facebook-ios-sdk" */,
				184EAFEE2777291A002E619D /* XCRemoteSwiftPackageReference "GoogleSignIn-iOS" */,
			);
			productRefGroup = 18D80DF3275E8B86005BCE63 /* Products */;
			projectDirPath = "";
			projectRoot = "";
			targets = (
				18D80DF1275E8B86005BCE63 /* ResturantReminder */,
			);
		};
/* End PBXProject section */

/* Begin PBXResourcesBuildPhase section */
		18D80DF0275E8B86005BCE63 /* Resources */ = {
			isa = PBXResourcesBuildPhase;
			buildActionMask = 2147483647;
			files = (
				18D80E11275E8E93005BCE63 /* Authentication.storyboard in Resources */,
				18D80EA1276A67FA005BCE63 /* HomeCollectionViewCell.xib in Resources */,
				18D80E02275E8B87005BCE63 /* LaunchScreen.storyboard in Resources */,
				18D80DFF275E8B87005BCE63 /* Assets.xcassets in Resources */,
				18D80E97276A64F4005BCE63 /* HomeTableViewCell.xib in Resources */,
				18D80DFD275E8B86005BCE63 /* Main.storyboard in Resources */,
				18C26DFE276E8A5800D07FA9 /* GoogleService-Info.plist in Resources */,
			);
			runOnlyForDeploymentPostprocessing = 0;
		};
/* End PBXResourcesBuildPhase section */

/* Begin PBXShellScriptBuildPhase section */
		66FF99FCF8A472DAD43C4C2A /* [CP] Embed Pods Frameworks */ = {
			isa = PBXShellScriptBuildPhase;
			buildActionMask = 2147483647;
			files = (
			);
			inputFileListPaths = (
				"${PODS_ROOT}/Target Support Files/Pods-ResturantReminder/Pods-ResturantReminder-frameworks-${CONFIGURATION}-input-files.xcfilelist",
			);
			name = "[CP] Embed Pods Frameworks";
			outputFileListPaths = (
				"${PODS_ROOT}/Target Support Files/Pods-ResturantReminder/Pods-ResturantReminder-frameworks-${CONFIGURATION}-output-files.xcfilelist",
			);
			runOnlyForDeploymentPostprocessing = 0;
			shellPath = /bin/sh;
			shellScript = "\"${PODS_ROOT}/Target Support Files/Pods-ResturantReminder/Pods-ResturantReminder-frameworks.sh\"\n";
			showEnvVarsInLog = 0;
		};
		692B76F4AD35B22F1500A519 /* [CP] Copy Pods Resources */ = {
			isa = PBXShellScriptBuildPhase;
			buildActionMask = 2147483647;
			files = (
			);
			inputFileListPaths = (
				"${PODS_ROOT}/Target Support Files/Pods-ResturantReminder/Pods-ResturantReminder-resources-${CONFIGURATION}-input-files.xcfilelist",
			);
			name = "[CP] Copy Pods Resources";
			outputFileListPaths = (
				"${PODS_ROOT}/Target Support Files/Pods-ResturantReminder/Pods-ResturantReminder-resources-${CONFIGURATION}-output-files.xcfilelist",
			);
			runOnlyForDeploymentPostprocessing = 0;
			shellPath = /bin/sh;
			shellScript = "\"${PODS_ROOT}/Target Support Files/Pods-ResturantReminder/Pods-ResturantReminder-resources.sh\"\n";
			showEnvVarsInLog = 0;
		};
		9C370832E21B687B13DE0FB1 /* [CP] Check Pods Manifest.lock */ = {
			isa = PBXShellScriptBuildPhase;
			buildActionMask = 2147483647;
			files = (
			);
			inputFileListPaths = (
			);
			inputPaths = (
				"${PODS_PODFILE_DIR_PATH}/Podfile.lock",
				"${PODS_ROOT}/Manifest.lock",
			);
			name = "[CP] Check Pods Manifest.lock";
			outputFileListPaths = (
			);
			outputPaths = (
				"$(DERIVED_FILE_DIR)/Pods-ResturantReminder-checkManifestLockResult.txt",
			);
			runOnlyForDeploymentPostprocessing = 0;
			shellPath = /bin/sh;
			shellScript = "diff \"${PODS_PODFILE_DIR_PATH}/Podfile.lock\" \"${PODS_ROOT}/Manifest.lock\" > /dev/null\nif [ $? != 0 ] ; then\n    # print error to STDERR\n    echo \"error: The sandbox is not in sync with the Podfile.lock. Run 'pod install' or update your CocoaPods installation.\" >&2\n    exit 1\nfi\n# This output is used by Xcode 'outputs' to avoid re-running this script phase.\necho \"SUCCESS\" > \"${SCRIPT_OUTPUT_FILE_0}\"\n";
			showEnvVarsInLog = 0;
		};
/* End PBXShellScriptBuildPhase section */

/* Begin PBXSourcesBuildPhase section */
		18D80DEE275E8B86005BCE63 /* Sources */ = {
			isa = PBXSourcesBuildPhase;
			buildActionMask = 2147483647;
			files = (
				18D80EA7276A6F7C005BCE63 /* MyProfileViewController.swift in Sources */,
				88BFE3A227672262004777BC /* Extension+TCHJsonAttributes.swift in Sources */,
				88BFE3A527672262004777BC /* Extension+UIView.swift in Sources */,
				88BFE3A127672262004777BC /* Extension+UITextField.swift in Sources */,
				88BFE3A427672262004777BC /* Extension+Error.swift in Sources */,
				18607530276A8238000786F8 /* CategoryCollectionViewCell.swift in Sources */,
				18C49B07278659CA001D9F2D /* NotificationManager.swift in Sources */,
				187A0F6B276EA68900174C36 /* Snackbar.swift in Sources */,
				D086CE9E27843FC20093877F /* ScannerViewController.swift in Sources */,
				D0A2891E27707867006CA1D7 /* UserModel.swift in Sources */,
				18D80E35275EAAC3005BCE63 /* ForgotPasswordViewController.swift in Sources */,
				88BFE3A027672262004777BC /* Extension+Data.swift in Sources */,
				18D80E9B276A671D005BCE63 /* Utilities.swift in Sources */,
				18D80E26275EA5BB005BCE63 /* SignUpViewController.swift in Sources */,
				187A0F52276EA44000174C36 /* LoginViewModel.swift in Sources */,
				181848712781BEF000A5BB70 /* LocationModel.swift in Sources */,
				D0A2891C277071B2006CA1D7 /* FirebaseManager.swift in Sources */,
				18D80E90276A6446005BCE63 /* HomeViewController.swift in Sources */,
				D063D1F1277457D7008FF0E0 /* SettingsViewModel.swift in Sources */,
				88BFE39E27672262004777BC /* Extension+UIImageView.swift in Sources */,
				88BFE39D27672262004777BC /* Extension+UIColor.swift in Sources */,
				D0A2892227709838006CA1D7 /* AddResturantViewModel.swift in Sources */,
				18D80E8B276A60DC005BCE63 /* Bootstrapper.swift in Sources */,
				18D80E73276A5907005BCE63 /* StoryboardInitializable.swift in Sources */,
				18D80E4027600484005BCE63 /* MainTabBarController.swift in Sources */,
				D0A289262770AD90006CA1D7 /* AppDefaults.swift in Sources */,
				18D80E20275EA576005BCE63 /* LoginViewController.swift in Sources */,
				D0A6851A2779E16D000D7097 /* SettingsModel.swift in Sources */,
				88BFE3A327672262004777BC /* Extension+Date.swift in Sources */,
				88BFE39B27672262004777BC /* Extension+UINavigationController.swift in Sources */,
				18D80E3C2760043C005BCE63 /* MainTabBar.swift in Sources */,
				18D80E96276A64F4005BCE63 /* HomeTableViewCell.swift in Sources */,
				181848762781EC7900A5BB70 /* LocationManager.swift in Sources */,
				18718423278AF0B600B33AFD /* AddRestaurantNetwork.swift in Sources */,
				18D80E76276A59F8005BCE63 /* Constants.swift in Sources */,
				D0A289292770B264006CA1D7 /* MyProfileViewModel.swift in Sources */,
				D0A2892427709888006CA1D7 /* ResturantModel.swift in Sources */,
				18D80EA0276A67FA005BCE63 /* HomeCollectionViewCell.swift in Sources */,
				88BFE3A627672262004777BC /* Extension+String.swift in Sources */,
				18CC81A0276E20FE00AC133A /* Alert.swift in Sources */,
				88BFE39F27672262004777BC /* Extension+UIApplication.swift in Sources */,
				88BFE39C27672262004777BC /* Extension+NotificationName.swift in Sources */,
				18D80DF6275E8B86005BCE63 /* AppDelegate.swift in Sources */,
				D0557D3727720476002D303B /* HomeViewModel.swift in Sources */,
				1860752C276A7F22000786F8 /* AddCategoriesCollectionViewCell.swift in Sources */,
				18607535276A85A3000786F8 /* AddResturantViewController.swift in Sources */,
				187A0F4C276E96F400174C36 /* SignUpViewModel.swift in Sources */,
				18607527276A7E79000786F8 /* SettingsViewController.swift in Sources */,
			);
			runOnlyForDeploymentPostprocessing = 0;
		};
/* End PBXSourcesBuildPhase section */

/* Begin PBXVariantGroup section */
		18D80DFB275E8B86005BCE63 /* Main.storyboard */ = {
			isa = PBXVariantGroup;
			children = (
				18D80DFC275E8B86005BCE63 /* Base */,
			);
			name = Main.storyboard;
			sourceTree = "<group>";
		};
		18D80E00275E8B87005BCE63 /* LaunchScreen.storyboard */ = {
			isa = PBXVariantGroup;
			children = (
				18D80E01275E8B87005BCE63 /* Base */,
			);
			name = LaunchScreen.storyboard;
			sourceTree = "<group>";
		};
/* End PBXVariantGroup section */

/* Begin XCBuildConfiguration section */
		18D80E04275E8B87005BCE63 /* Debug */ = {
			isa = XCBuildConfiguration;
			buildSettings = {
				ALWAYS_SEARCH_USER_PATHS = NO;
				CLANG_ANALYZER_NONNULL = YES;
				CLANG_ANALYZER_NUMBER_OBJECT_CONVERSION = YES_AGGRESSIVE;
				CLANG_CXX_LANGUAGE_STANDARD = "gnu++14";
				CLANG_CXX_LIBRARY = "libc++";
				CLANG_ENABLE_MODULES = YES;
				CLANG_ENABLE_OBJC_ARC = YES;
				CLANG_ENABLE_OBJC_WEAK = YES;
				CLANG_WARN_BLOCK_CAPTURE_AUTORELEASING = YES;
				CLANG_WARN_BOOL_CONVERSION = YES;
				CLANG_WARN_COMMA = YES;
				CLANG_WARN_CONSTANT_CONVERSION = YES;
				CLANG_WARN_DEPRECATED_OBJC_IMPLEMENTATIONS = YES;
				CLANG_WARN_DIRECT_OBJC_ISA_USAGE = YES_ERROR;
				CLANG_WARN_DOCUMENTATION_COMMENTS = YES;
				CLANG_WARN_EMPTY_BODY = YES;
				CLANG_WARN_ENUM_CONVERSION = YES;
				CLANG_WARN_INFINITE_RECURSION = YES;
				CLANG_WARN_INT_CONVERSION = YES;
				CLANG_WARN_NON_LITERAL_NULL_CONVERSION = YES;
				CLANG_WARN_OBJC_IMPLICIT_RETAIN_SELF = YES;
				CLANG_WARN_OBJC_LITERAL_CONVERSION = YES;
				CLANG_WARN_OBJC_ROOT_CLASS = YES_ERROR;
				CLANG_WARN_QUOTED_INCLUDE_IN_FRAMEWORK_HEADER = YES;
				CLANG_WARN_RANGE_LOOP_ANALYSIS = YES;
				CLANG_WARN_STRICT_PROTOTYPES = YES;
				CLANG_WARN_SUSPICIOUS_MOVE = YES;
				CLANG_WARN_UNGUARDED_AVAILABILITY = YES_AGGRESSIVE;
				CLANG_WARN_UNREACHABLE_CODE = YES;
				CLANG_WARN__DUPLICATE_METHOD_MATCH = YES;
				COPY_PHASE_STRIP = NO;
				DEBUG_INFORMATION_FORMAT = dwarf;
				ENABLE_STRICT_OBJC_MSGSEND = YES;
				ENABLE_TESTABILITY = YES;
				GCC_C_LANGUAGE_STANDARD = gnu11;
				GCC_DYNAMIC_NO_PIC = NO;
				GCC_NO_COMMON_BLOCKS = YES;
				GCC_OPTIMIZATION_LEVEL = 0;
				GCC_PREPROCESSOR_DEFINITIONS = (
					"DEBUG=1",
					"$(inherited)",
				);
				GCC_WARN_64_TO_32_BIT_CONVERSION = YES;
				GCC_WARN_ABOUT_RETURN_TYPE = YES_ERROR;
				GCC_WARN_UNDECLARED_SELECTOR = YES;
				GCC_WARN_UNINITIALIZED_AUTOS = YES_AGGRESSIVE;
				GCC_WARN_UNUSED_FUNCTION = YES;
				GCC_WARN_UNUSED_VARIABLE = YES;
				IPHONEOS_DEPLOYMENT_TARGET = 14.3;
				MTL_ENABLE_DEBUG_INFO = INCLUDE_SOURCE;
				MTL_FAST_MATH = YES;
				ONLY_ACTIVE_ARCH = YES;
				SDKROOT = iphoneos;
				SWIFT_ACTIVE_COMPILATION_CONDITIONS = DEBUG;
				SWIFT_OPTIMIZATION_LEVEL = "-Onone";
			};
			name = Debug;
		};
		18D80E05275E8B87005BCE63 /* Release */ = {
			isa = XCBuildConfiguration;
			buildSettings = {
				ALWAYS_SEARCH_USER_PATHS = NO;
				CLANG_ANALYZER_NONNULL = YES;
				CLANG_ANALYZER_NUMBER_OBJECT_CONVERSION = YES_AGGRESSIVE;
				CLANG_CXX_LANGUAGE_STANDARD = "gnu++14";
				CLANG_CXX_LIBRARY = "libc++";
				CLANG_ENABLE_MODULES = YES;
				CLANG_ENABLE_OBJC_ARC = YES;
				CLANG_ENABLE_OBJC_WEAK = YES;
				CLANG_WARN_BLOCK_CAPTURE_AUTORELEASING = YES;
				CLANG_WARN_BOOL_CONVERSION = YES;
				CLANG_WARN_COMMA = YES;
				CLANG_WARN_CONSTANT_CONVERSION = YES;
				CLANG_WARN_DEPRECATED_OBJC_IMPLEMENTATIONS = YES;
				CLANG_WARN_DIRECT_OBJC_ISA_USAGE = YES_ERROR;
				CLANG_WARN_DOCUMENTATION_COMMENTS = YES;
				CLANG_WARN_EMPTY_BODY = YES;
				CLANG_WARN_ENUM_CONVERSION = YES;
				CLANG_WARN_INFINITE_RECURSION = YES;
				CLANG_WARN_INT_CONVERSION = YES;
				CLANG_WARN_NON_LITERAL_NULL_CONVERSION = YES;
				CLANG_WARN_OBJC_IMPLICIT_RETAIN_SELF = YES;
				CLANG_WARN_OBJC_LITERAL_CONVERSION = YES;
				CLANG_WARN_OBJC_ROOT_CLASS = YES_ERROR;
				CLANG_WARN_QUOTED_INCLUDE_IN_FRAMEWORK_HEADER = YES;
				CLANG_WARN_RANGE_LOOP_ANALYSIS = YES;
				CLANG_WARN_STRICT_PROTOTYPES = YES;
				CLANG_WARN_SUSPICIOUS_MOVE = YES;
				CLANG_WARN_UNGUARDED_AVAILABILITY = YES_AGGRESSIVE;
				CLANG_WARN_UNREACHABLE_CODE = YES;
				CLANG_WARN__DUPLICATE_METHOD_MATCH = YES;
				COPY_PHASE_STRIP = NO;
				DEBUG_INFORMATION_FORMAT = "dwarf-with-dsym";
				ENABLE_NS_ASSERTIONS = NO;
				ENABLE_STRICT_OBJC_MSGSEND = YES;
				GCC_C_LANGUAGE_STANDARD = gnu11;
				GCC_NO_COMMON_BLOCKS = YES;
				GCC_WARN_64_TO_32_BIT_CONVERSION = YES;
				GCC_WARN_ABOUT_RETURN_TYPE = YES_ERROR;
				GCC_WARN_UNDECLARED_SELECTOR = YES;
				GCC_WARN_UNINITIALIZED_AUTOS = YES_AGGRESSIVE;
				GCC_WARN_UNUSED_FUNCTION = YES;
				GCC_WARN_UNUSED_VARIABLE = YES;
				IPHONEOS_DEPLOYMENT_TARGET = 14.3;
				MTL_ENABLE_DEBUG_INFO = NO;
				MTL_FAST_MATH = YES;
				SDKROOT = iphoneos;
				SWIFT_COMPILATION_MODE = wholemodule;
				SWIFT_OPTIMIZATION_LEVEL = "-O";
				VALIDATE_PRODUCT = YES;
			};
			name = Release;
		};
		18D80E07275E8B87005BCE63 /* Debug */ = {
			isa = XCBuildConfiguration;
			baseConfigurationReference = 9E024A0EFC294F831236F33A /* Pods-ResturantReminder.debug.xcconfig */;
			buildSettings = {
				ASSETCATALOG_COMPILER_APPICON_NAME = AppIcon;
				ASSETCATALOG_COMPILER_GLOBAL_ACCENT_COLOR_NAME = AccentColor;
				CODE_SIGN_STYLE = Automatic;
				CURRENT_PROJECT_VERSION = 5;
				DEVELOPMENT_TEAM = 8LTPJZF6V8;
				INFOPLIST_FILE = ResturantReminder/Info.plist;
				IPHONEOS_DEPLOYMENT_TARGET = 12.0;
				LD_RUNPATH_SEARCH_PATHS = (
					"$(inherited)",
					"@executable_path/Frameworks",
				);
				MARKETING_VERSION = 1.0.0;
				PRODUCT_BUNDLE_IDENTIFIER = com.resturantreminder.ResturantReminder;
				PRODUCT_NAME = "$(TARGET_NAME)";
				SWIFT_VERSION = 5.0;
				TARGETED_DEVICE_FAMILY = 1;
			};
			name = Debug;
		};
		18D80E08275E8B87005BCE63 /* Release */ = {
			isa = XCBuildConfiguration;
			baseConfigurationReference = BE4519A7C9D391AA9B593008 /* Pods-ResturantReminder.release.xcconfig */;
			buildSettings = {
				ASSETCATALOG_COMPILER_APPICON_NAME = AppIcon;
				ASSETCATALOG_COMPILER_GLOBAL_ACCENT_COLOR_NAME = AccentColor;
				CODE_SIGN_STYLE = Automatic;
				CURRENT_PROJECT_VERSION = 5;
				DEVELOPMENT_TEAM = 8LTPJZF6V8;
				INFOPLIST_FILE = ResturantReminder/Info.plist;
				IPHONEOS_DEPLOYMENT_TARGET = 12.0;
				LD_RUNPATH_SEARCH_PATHS = (
					"$(inherited)",
					"@executable_path/Frameworks",
				);
				MARKETING_VERSION = 1.0.0;
				PRODUCT_BUNDLE_IDENTIFIER = com.resturantreminder.ResturantReminder;
				PRODUCT_NAME = "$(TARGET_NAME)";
				SWIFT_VERSION = 5.0;
				TARGETED_DEVICE_FAMILY = 1;
			};
			name = Release;
		};
/* End XCBuildConfiguration section */

/* Begin XCConfigurationList section */
		18D80DED275E8B86005BCE63 /* Build configuration list for PBXProject "ResturantReminder" */ = {
			isa = XCConfigurationList;
			buildConfigurations = (
				18D80E04275E8B87005BCE63 /* Debug */,
				18D80E05275E8B87005BCE63 /* Release */,
			);
			defaultConfigurationIsVisible = 0;
			defaultConfigurationName = Release;
		};
		18D80E06275E8B87005BCE63 /* Build configuration list for PBXNativeTarget "ResturantReminder" */ = {
			isa = XCConfigurationList;
			buildConfigurations = (
				18D80E07275E8B87005BCE63 /* Debug */,
				18D80E08275E8B87005BCE63 /* Release */,
			);
			defaultConfigurationIsVisible = 0;
			defaultConfigurationName = Release;
		};
/* End XCConfigurationList section */

/* Begin XCRemoteSwiftPackageReference section */
		184EAFEC27772686002E619D /* XCRemoteSwiftPackageReference "facebook-ios-sdk" */ = {
			isa = XCRemoteSwiftPackageReference;
			repositoryURL = "https://github.com/facebook/facebook-ios-sdk";
			requirement = {
				kind = upToNextMajorVersion;
				minimumVersion = 12.2.1;
			};
		};
		184EAFEE2777291A002E619D /* XCRemoteSwiftPackageReference "GoogleSignIn-iOS" */ = {
			isa = XCRemoteSwiftPackageReference;
			repositoryURL = "https://github.com/google/GoogleSignIn-iOS";
			requirement = {
				kind = upToNextMajorVersion;
				minimumVersion = 6.1.0;
			};
		};
/* End XCRemoteSwiftPackageReference section */

/* Begin XCSwiftPackageProductDependency section */
		184EAFEF2777291A002E619D /* GoogleSignIn */ = {
			isa = XCSwiftPackageProductDependency;
			package = 184EAFEE2777291A002E619D /* XCRemoteSwiftPackageReference "GoogleSignIn-iOS" */;
			productName = GoogleSignIn;
		};
/* End XCSwiftPackageProductDependency section */
	};
	rootObject = 18D80DEA275E8B86005BCE63 /* Project object */;
}
